PODS:
  - Alamofire (5.8.1)
  - Kingfisher (7.10.1)
  - MobilliumUserDefaults (2.0.0)
  - Segmentio (4.1)
  - SwiftEntryKit (2.0.0)
  - SwiftGen (6.6.2)
  - TinyConstraints (4.0.2)

DEPENDENCIES:
  - Alamofire
  - Kingfisher
  - MobilliumUserDefaults
  - Segmentio
  - SwiftEntryKit
  - SwiftGen
  - TinyConstraints

SPEC REPOS:
  trunk:
    - Alamofire
    - Kingfisher
    - MobilliumUserDefaults
    - Segmentio
    - SwiftEntryKit
    - SwiftGen
    - TinyConstraints

SPEC CHECKSUMS:
  Alamofire: 3ca42e259043ee0dc5c0cdd76c4bc568b8e42af7
  Kingfisher: bc5abe80a8e0144537ef1dd5a0b2621b04f7f439
  MobilliumUserDefaults: 002aa4bb663127d2dcc0814c17430c918a1e1445
  Segmentio: ab29def64e1bff6e6e9b97671788a99bed3f1d9f
  SwiftEntryKit: 61b5fa36f34a97dd8013e48a7345bc4c4720be9a
  SwiftGen: 1366a7f71aeef49954ca5a63ba4bef6b0f24138c
  TinyConstraints: 7b7ccc0c485bb3bb47082138ff28bc33cd49897f

PODFILE CHECKSUM: cdd4e34f584ca256e8e1452da2105bf1268af483

COCOAPODS: 1.11.3
