// !$*UTF8*$!
{
	archiveVersion = 1;
	classes = {
	};
	objectVersion = 56;
	objects = {

/* Begin PBXBuildFile section */
		980CF7802B4DBC8900AF0D9C /* DetailRoute.swift in Sources */ = {isa = PBXBuildFile; fileRef = 980CF77F2B4DBC8900AF0D9C /* DetailRoute.swift */; };
		980CF7842B4DBC9800AF0D9C /* DetailRouter.swift in Sources */ = {isa = PBXBuildFile; fileRef = 980CF7812B4DBC9800AF0D9C /* DetailRouter.swift */; };
		980CF7852B4DBC9800AF0D9C /* DetailViewController.swift in Sources */ = {isa = PBXBuildFile; fileRef = 980CF7822B4DBC9800AF0D9C /* DetailViewController.swift */; };
		980CF7862B4DBC9800AF0D9C /* DetailViewModel.swift in Sources */ = {isa = PBXBuildFile; fileRef = 980CF7832B4DBC9800AF0D9C /* DetailViewModel.swift */; };
		98355D432B3D93BD009D1926 /* swiftgen.yml in Resources */ = {isa = PBXBuildFile; fileRef = 98355D422B3D93BD009D1926 /* swiftgen.yml */; };
		98355D482B3D94DD009D1926 /* Assets.swift in Sources */ = {isa = PBXBuildFile; fileRef = 98355D472B3D94DD009D1926 /* Assets.swift */; };
		98355D4C2B3D952A009D1926 /* Fonts.swift in Sources */ = {isa = PBXBuildFile; fileRef = 98355D4B2B3D952A009D1926 /* Fonts.swift */; };
		984144272B436E520054CF3D /* AppRoute.swift in Sources */ = {isa = PBXBuildFile; fileRef = 984144262B436E520054CF3D /* AppRoute.swift */; };
		9841442A2B436EBC0054CF3D /* Animator.swift in Sources */ = {isa = PBXBuildFile; fileRef = 984144292B436EBC0054CF3D /* Animator.swift */; };
		9841442C2B436ED10054CF3D /* Router.swift in Sources */ = {isa = PBXBuildFile; fileRef = 9841442B2B436ED10054CF3D /* Router.swift */; };
		9841442F2B436F340054CF3D /* Transition.swift in Sources */ = {isa = PBXBuildFile; fileRef = 9841442E2B436F340054CF3D /* Transition.swift */; };
		984144312B436F520054CF3D /* PlaceOnWindowTransition.swift in Sources */ = {isa = PBXBuildFile; fileRef = 984144302B436F520054CF3D /* PlaceOnWindowTransition.swift */; };
		984144332B436F670054CF3D /* PushTransition.swift in Sources */ = {isa = PBXBuildFile; fileRef = 984144322B436F670054CF3D /* PushTransition.swift */; };
		984144352B436FA30054CF3D /* BaseRouter.swift in Sources */ = {isa = PBXBuildFile; fileRef = 984144342B436FA30054CF3D /* BaseRouter.swift */; };
		984144372B4370630054CF3D /* IntroRouter.swift in Sources */ = {isa = PBXBuildFile; fileRef = 984144362B4370630054CF3D /* IntroRouter.swift */; };
		984144392B4370800054CF3D /* IntroRoute.swift in Sources */ = {isa = PBXBuildFile; fileRef = 984144382B4370800054CF3D /* IntroRoute.swift */; };
		9841443B2B4370A80054CF3D /* MainTabBarRoute.swift in Sources */ = {isa = PBXBuildFile; fileRef = 9841443A2B4370A80054CF3D /* MainTabBarRoute.swift */; };
		9844C9342B3C615C000D7602 /* AppDelegate.swift in Sources */ = {isa = PBXBuildFile; fileRef = 9844C9332B3C615C000D7602 /* AppDelegate.swift */; };
		9844C93D2B3C615E000D7602 /* Assets.xcassets in Resources */ = {isa = PBXBuildFile; fileRef = 9844C93C2B3C615E000D7602 /* Assets.xcassets */; };
		9844C9402B3C615E000D7602 /* LaunchScreen.storyboard in Resources */ = {isa = PBXBuildFile; fileRef = 9844C93E2B3C615E000D7602 /* LaunchScreen.storyboard */; };
		9844C9482B3C620C000D7602 /* MainTabBarController.swift in Sources */ = {isa = PBXBuildFile; fileRef = 9844C9472B3C620C000D7602 /* MainTabBarController.swift */; };
		9844C9522B3C83E6000D7602 /* Closures.swift in Sources */ = {isa = PBXBuildFile; fileRef = 9844C9512B3C83E6000D7602 /* Closures.swift */; };
		9844C9552B3C8493000D7602 /* BaseViewModel.swift in Sources */ = {isa = PBXBuildFile; fileRef = 9844C9542B3C8493000D7602 /* BaseViewModel.swift */; };
		9844C9572B3C84AE000D7602 /* BaseViewController.swift in Sources */ = {isa = PBXBuildFile; fileRef = 9844C9562B3C84AE000D7602 /* BaseViewController.swift */; };
		9844C9592B3C8551000D7602 /* MainNavigationController.swift in Sources */ = {isa = PBXBuildFile; fileRef = 9844C9582B3C8551000D7602 /* MainNavigationController.swift */; };
		9844C95C2B3C859A000D7602 /* ReusableView.swift in Sources */ = {isa = PBXBuildFile; fileRef = 9844C95B2B3C859A000D7602 /* ReusableView.swift */; };
		9844C9622B3C86DF000D7602 /* Colors.xcassets in Resources */ = {isa = PBXBuildFile; fileRef = 9844C9612B3C86DF000D7602 /* Colors.xcassets */; };
		9844C9662B3C86F6000D7602 /* Images.xcassets in Resources */ = {isa = PBXBuildFile; fileRef = 9844C9652B3C86F6000D7602 /* Images.xcassets */; };
		9844C9692B3C888A000D7602 /* IntroViewModel.swift in Sources */ = {isa = PBXBuildFile; fileRef = 9844C9682B3C888A000D7602 /* IntroViewModel.swift */; };
		9844C96B2B3C88A5000D7602 /* IntroViewController.swift in Sources */ = {isa = PBXBuildFile; fileRef = 9844C96A2B3C88A5000D7602 /* IntroViewController.swift */; };
		9844C96E2B3C8A22000D7602 /* Intro.strings in Resources */ = {isa = PBXBuildFile; fileRef = 9844C96D2B3C8A22000D7602 /* Intro.strings */; };
		9844C9702B3CB318000D7602 /* Roboto-Regular.ttf in Resources */ = {isa = PBXBuildFile; fileRef = 9844C96F2B3CB318000D7602 /* Roboto-Regular.ttf */; };
		9844C9722B3CB33B000D7602 /* Roboto-Bold.ttf in Resources */ = {isa = PBXBuildFile; fileRef = 9844C9712B3CB33B000D7602 /* Roboto-Bold.ttf */; };
		9844C9742B3CB365000D7602 /* Montserrat-Light.ttf in Resources */ = {isa = PBXBuildFile; fileRef = 9844C9732B3CB365000D7602 /* Montserrat-Light.ttf */; };
		9844C9762B3CB37B000D7602 /* Montserrat-ExtraBold.ttf in Resources */ = {isa = PBXBuildFile; fileRef = 9844C9752B3CB37B000D7602 /* Montserrat-ExtraBold.ttf */; };
		9844C9782B3CB388000D7602 /* Montserrat-ExtraLight.ttf in Resources */ = {isa = PBXBuildFile; fileRef = 9844C9772B3CB388000D7602 /* Montserrat-ExtraLight.ttf */; };
		984737382B5C5EA9004FB9FD /* PlanetDetailView.swift in Sources */ = {isa = PBXBuildFile; fileRef = 984737372B5C5EA9004FB9FD /* PlanetDetailView.swift */; };
		9860F3E82B61BC4D006AABF2 /* Icons.xcassets in Resources */ = {isa = PBXBuildFile; fileRef = 9860F3E72B61BC4D006AABF2 /* Icons.xcassets */; };
		986CC3F82B4B5051008D26D7 /* PlanetRouter.swift in Sources */ = {isa = PBXBuildFile; fileRef = 986CC3F52B4B5051008D26D7 /* PlanetRouter.swift */; };
		986CC3F92B4B5051008D26D7 /* PlanetViewController.swift in Sources */ = {isa = PBXBuildFile; fileRef = 986CC3F62B4B5051008D26D7 /* PlanetViewController.swift */; };
		986CC3FA2B4B5051008D26D7 /* PlanetViewModel.swift in Sources */ = {isa = PBXBuildFile; fileRef = 986CC3F72B4B5051008D26D7 /* PlanetViewModel.swift */; };
		986CC3FC2B4B505E008D26D7 /* PlanetRoute.swift in Sources */ = {isa = PBXBuildFile; fileRef = 986CC3FB2B4B505E008D26D7 /* PlanetRoute.swift */; };
		986CC3FE2B4B5930008D26D7 /* SegmentioOptions+Extensions.swift in Sources */ = {isa = PBXBuildFile; fileRef = 986CC3FD2B4B5930008D26D7 /* SegmentioOptions+Extensions.swift */; };
		986CC4002B4B59F4008D26D7 /* DwarfPlanetRoute.swift in Sources */ = {isa = PBXBuildFile; fileRef = 986CC3FF2B4B59F4008D26D7 /* DwarfPlanetRoute.swift */; };
		986CC4042B4B5A18008D26D7 /* DwarfPlanetRouter.swift in Sources */ = {isa = PBXBuildFile; fileRef = 986CC4012B4B5A18008D26D7 /* DwarfPlanetRouter.swift */; };
		986CC4052B4B5A18008D26D7 /* DwarfPlanetViewController.swift in Sources */ = {isa = PBXBuildFile; fileRef = 986CC4022B4B5A18008D26D7 /* DwarfPlanetViewController.swift */; };
		986CC4062B4B5A18008D26D7 /* DwarfPlanetViewModel.swift in Sources */ = {isa = PBXBuildFile; fileRef = 986CC4032B4B5A18008D26D7 /* DwarfPlanetViewModel.swift */; };
		986CC4082B4B5E17008D26D7 /* CelestialBodiesRoute.swift in Sources */ = {isa = PBXBuildFile; fileRef = 986CC4072B4B5E17008D26D7 /* CelestialBodiesRoute.swift */; };
		986CC40C2B4B5E49008D26D7 /* CelestialBodiesRouter.swift in Sources */ = {isa = PBXBuildFile; fileRef = 986CC4092B4B5E49008D26D7 /* CelestialBodiesRouter.swift */; };
		986CC40D2B4B5E49008D26D7 /* CelestialBodiesViewController.swift in Sources */ = {isa = PBXBuildFile; fileRef = 986CC40A2B4B5E49008D26D7 /* CelestialBodiesViewController.swift */; };
		986CC40E2B4B5E49008D26D7 /* CelestialBodiesViewModel.swift in Sources */ = {isa = PBXBuildFile; fileRef = 986CC40B2B4B5E49008D26D7 /* CelestialBodiesViewModel.swift */; };
		9875E1A32B4C5284006BA3E9 /* Segments.strings in Resources */ = {isa = PBXBuildFile; fileRef = 9875E1A22B4C5284006BA3E9 /* Segments.strings */; };
		9875E1A82B4C88DF006BA3E9 /* MPLUSRounded1c-Regular.ttf in Resources */ = {isa = PBXBuildFile; fileRef = 9875E1A72B4C88DF006BA3E9 /* MPLUSRounded1c-Regular.ttf */; };
		9875E1B12B4C8C10006BA3E9 /* MPLUSRounded1c-Black.ttf in Resources */ = {isa = PBXBuildFile; fileRef = 9875E1B02B4C8C10006BA3E9 /* MPLUSRounded1c-Black.ttf */; };
		98780C672B49E80700C7C46B /* Planets.strings in Resources */ = {isa = PBXBuildFile; fileRef = 98780C662B49E80700C7C46B /* Planets.strings */; };
		98780C692B49E80D00C7C46B /* StringConstants.swift in Sources */ = {isa = PBXBuildFile; fileRef = 98780C682B49E80D00C7C46B /* StringConstants.swift */; };
		989E2C602B61348C00E84461 /* Solars.swift in Sources */ = {isa = PBXBuildFile; fileRef = 989E2C5F2B61348C00E84461 /* Solars.swift */; };
		989E2C632B613ED100E84461 /* PlanetDetailCell.swift in Sources */ = {isa = PBXBuildFile; fileRef = 989E2C622B613ED100E84461 /* PlanetDetailCell.swift */; };
		989E2C652B613FBF00E84461 /* ImageCardView.swift in Sources */ = {isa = PBXBuildFile; fileRef = 989E2C642B613FBF00E84461 /* ImageCardView.swift */; };
		98BDE2732B441EA500948BD6 /* DefaultsKey+Extensions.swift in Sources */ = {isa = PBXBuildFile; fileRef = 98BDE2722B441EA500948BD6 /* DefaultsKey+Extensions.swift */; };
		98BDE2762B4427DE00948BD6 /* ToastPresenter.swift in Sources */ = {isa = PBXBuildFile; fileRef = 98BDE2752B4427DE00948BD6 /* ToastPresenter.swift */; };
		98BDE2782B44284300948BD6 /* TostWarningView.swift in Sources */ = {isa = PBXBuildFile; fileRef = 98BDE2772B44284300948BD6 /* TostWarningView.swift */; };
		98BDE27A2B4428E300948BD6 /* UIFont+Extensions.swift in Sources */ = {isa = PBXBuildFile; fileRef = 98BDE2792B4428E300948BD6 /* UIFont+Extensions.swift */; };
		98BDE27D2B442E1D00948BD6 /* UIImage+Extensions.swift in Sources */ = {isa = PBXBuildFile; fileRef = 98BDE27C2B442E1D00948BD6 /* UIImage+Extensions.swift */; };
		98BDE2812B44307F00948BD6 /* IntroCell.swift in Sources */ = {isa = PBXBuildFile; fileRef = 98BDE2802B44307F00948BD6 /* IntroCell.swift */; };
		98BDE2832B4430AA00948BD6 /* IntroCellModel.swift in Sources */ = {isa = PBXBuildFile; fileRef = 98BDE2822B4430AA00948BD6 /* IntroCellModel.swift */; };
		98BDE2852B44B97300948BD6 /* UIImageView+Extensions.swift in Sources */ = {isa = PBXBuildFile; fileRef = 98BDE2842B44B97300948BD6 /* UIImageView+Extensions.swift */; };
		98D233D12B46D38100DDB4BF /* MainTabBar.swift in Sources */ = {isa = PBXBuildFile; fileRef = 98D233D02B46D38100DDB4BF /* MainTabBar.swift */; };
		98D233D52B46DAB800DDB4BF /* HomeRoute.swift in Sources */ = {isa = PBXBuildFile; fileRef = 98D233D42B46DAB800DDB4BF /* HomeRoute.swift */; };
		98D233D92B46DAC600DDB4BF /* HomeRouter.swift in Sources */ = {isa = PBXBuildFile; fileRef = 98D233D62B46DAC600DDB4BF /* HomeRouter.swift */; };
		98D233DA2B46DAC600DDB4BF /* HomeViewController.swift in Sources */ = {isa = PBXBuildFile; fileRef = 98D233D72B46DAC600DDB4BF /* HomeViewController.swift */; };
		98D233DB2B46DAC600DDB4BF /* HomeViewModel.swift in Sources */ = {isa = PBXBuildFile; fileRef = 98D233D82B46DAC600DDB4BF /* HomeViewModel.swift */; };
		98D233DD2B46DAD700DDB4BF /* DiscoveryRoute.swift in Sources */ = {isa = PBXBuildFile; fileRef = 98D233DC2B46DAD700DDB4BF /* DiscoveryRoute.swift */; };
		98D233E12B46DAE600DDB4BF /* DiscoveryRouter.swift in Sources */ = {isa = PBXBuildFile; fileRef = 98D233DE2B46DAE600DDB4BF /* DiscoveryRouter.swift */; };
		98D233E22B46DAE600DDB4BF /* DiscoveryViewController.swift in Sources */ = {isa = PBXBuildFile; fileRef = 98D233DF2B46DAE600DDB4BF /* DiscoveryViewController.swift */; };
		98D233E32B46DAE600DDB4BF /* DiscoveryViewModel.swift in Sources */ = {isa = PBXBuildFile; fileRef = 98D233E02B46DAE600DDB4BF /* DiscoveryViewModel.swift */; };
		98D233EB2B4823C500DDB4BF /* PlanetCell.swift in Sources */ = {isa = PBXBuildFile; fileRef = 98D233E92B4823C500DDB4BF /* PlanetCell.swift */; };
		98D233EC2B4823C500DDB4BF /* PlanetCellModel.swift in Sources */ = {isa = PBXBuildFile; fileRef = 98D233EA2B4823C500DDB4BF /* PlanetCellModel.swift */; };
		98D233EF2B484E2200DDB4BF /* Planets.swift in Sources */ = {isa = PBXBuildFile; fileRef = 98D233EE2B484E2200DDB4BF /* Planets.swift */; };
		98D233F22B48536500DDB4BF /* Typealias.swift in Sources */ = {isa = PBXBuildFile; fileRef = 98D233F12B48536500DDB4BF /* Typealias.swift */; };
		98D233F42B48537900DDB4BF /* RequestMethod.swift in Sources */ = {isa = PBXBuildFile; fileRef = 98D233F32B48537900DDB4BF /* RequestMethod.swift */; };
		98D233F62B48538B00DDB4BF /* RequestEncoding.swift in Sources */ = {isa = PBXBuildFile; fileRef = 98D233F52B48538B00DDB4BF /* RequestEncoding.swift */; };
		98D233F82B48539F00DDB4BF /* RequestProtocol.swift in Sources */ = {isa = PBXBuildFile; fileRef = 98D233F72B48539F00DDB4BF /* RequestProtocol.swift */; };
		98D233FA2B48A63100DDB4BF /* DecodableResponseRequest.swift in Sources */ = {isa = PBXBuildFile; fileRef = 98D233F92B48A63100DDB4BF /* DecodableResponseRequest.swift */; };
		98D233FC2B48A64800DDB4BF /* DataProviderProtocol.swift in Sources */ = {isa = PBXBuildFile; fileRef = 98D233FB2B48A64800DDB4BF /* DataProviderProtocol.swift */; };
		98D233FF2B48A6CC00DDB4BF /* APIDataProvider.swift in Sources */ = {isa = PBXBuildFile; fileRef = 98D233FE2B48A6CC00DDB4BF /* APIDataProvider.swift */; };
		98D234012B48A6EB00DDB4BF /* APIRequestAdapter.swift in Sources */ = {isa = PBXBuildFile; fileRef = 98D234002B48A6EB00DDB4BF /* APIRequestAdapter.swift */; };
		98D234032B48A70200DDB4BF /* APIDecodableResponseRequest.swift in Sources */ = {isa = PBXBuildFile; fileRef = 98D234022B48A70200DDB4BF /* APIDecodableResponseRequest.swift */; };
		98D234062B48A76800DDB4BF /* GetPlanetsRequest.swift in Sources */ = {isa = PBXBuildFile; fileRef = 98D234052B48A76800DDB4BF /* GetPlanetsRequest.swift */; };
		98D234092B48A89200DDB4BF /* DataProvider.swift in Sources */ = {isa = PBXBuildFile; fileRef = 98D234082B48A89200DDB4BF /* DataProvider.swift */; };
		98D2340B2B48A8A600DDB4BF /* APILogger.swift in Sources */ = {isa = PBXBuildFile; fileRef = 98D2340A2B48A8A600DDB4BF /* APILogger.swift */; };
		98D2340D2B48A8BC00DDB4BF /* APIRequestInterceptor.swift in Sources */ = {isa = PBXBuildFile; fileRef = 98D2340C2B48A8BC00DDB4BF /* APIRequestInterceptor.swift */; };
		98D2340F2B48AA4100DDB4BF /* PlanetCardView.swift in Sources */ = {isa = PBXBuildFile; fileRef = 98D2340E2B48AA4100DDB4BF /* PlanetCardView.swift */; };
		98E921DC2B6013F400FD2CF3 /* PlanetTitleCellModel.swift in Sources */ = {isa = PBXBuildFile; fileRef = 98E921DB2B6013F400FD2CF3 /* PlanetTitleCellModel.swift */; };
		98E921DE2B6057F200FD2CF3 /* PlanetDetailViewModel.swift in Sources */ = {isa = PBXBuildFile; fileRef = 98E921DD2B6057F200FD2CF3 /* PlanetDetailViewModel.swift */; };
		FE9EDBA43917114174BA8D32 /* Pods_SolarSystems.framework in Frameworks */ = {isa = PBXBuildFile; fileRef = 85138217BEFE85E625D95659 /* Pods_SolarSystems.framework */; };
/* End PBXBuildFile section */

/* Begin PBXFileReference section */
		85138217BEFE85E625D95659 /* Pods_SolarSystems.framework */ = {isa = PBXFileReference; explicitFileType = wrapper.framework; includeInIndex = 0; path = Pods_SolarSystems.framework; sourceTree = BUILT_PRODUCTS_DIR; };
		955B4617D86BD46A0C4E1C17 /* Pods-SolarSystems.release.xcconfig */ = {isa = PBXFileReference; includeInIndex = 1; lastKnownFileType = text.xcconfig; name = "Pods-SolarSystems.release.xcconfig"; path = "Target Support Files/Pods-SolarSystems/Pods-SolarSystems.release.xcconfig"; sourceTree = "<group>"; };
		980CF77F2B4DBC8900AF0D9C /* DetailRoute.swift */ = {isa = PBXFileReference; lastKnownFileType = sourcecode.swift; path = DetailRoute.swift; sourceTree = "<group>"; };
		980CF7812B4DBC9800AF0D9C /* DetailRouter.swift */ = {isa = PBXFileReference; lastKnownFileType = sourcecode.swift; path = DetailRouter.swift; sourceTree = "<group>"; };
		980CF7822B4DBC9800AF0D9C /* DetailViewController.swift */ = {isa = PBXFileReference; lastKnownFileType = sourcecode.swift; path = DetailViewController.swift; sourceTree = "<group>"; };
		980CF7832B4DBC9800AF0D9C /* DetailViewModel.swift */ = {isa = PBXFileReference; lastKnownFileType = sourcecode.swift; path = DetailViewModel.swift; sourceTree = "<group>"; };
		98355D422B3D93BD009D1926 /* swiftgen.yml */ = {isa = PBXFileReference; fileEncoding = 4; lastKnownFileType = text.yaml; path = swiftgen.yml; sourceTree = "<group>"; };
		98355D472B3D94DD009D1926 /* Assets.swift */ = {isa = PBXFileReference; fileEncoding = 4; lastKnownFileType = sourcecode.swift; path = Assets.swift; sourceTree = "<group>"; };
		98355D4B2B3D952A009D1926 /* Fonts.swift */ = {isa = PBXFileReference; fileEncoding = 4; lastKnownFileType = sourcecode.swift; path = Fonts.swift; sourceTree = "<group>"; };
		984144262B436E520054CF3D /* AppRoute.swift */ = {isa = PBXFileReference; lastKnownFileType = sourcecode.swift; path = AppRoute.swift; sourceTree = "<group>"; };
		984144292B436EBC0054CF3D /* Animator.swift */ = {isa = PBXFileReference; lastKnownFileType = sourcecode.swift; path = Animator.swift; sourceTree = "<group>"; };
		9841442B2B436ED10054CF3D /* Router.swift */ = {isa = PBXFileReference; lastKnownFileType = sourcecode.swift; path = Router.swift; sourceTree = "<group>"; };
		9841442E2B436F340054CF3D /* Transition.swift */ = {isa = PBXFileReference; lastKnownFileType = sourcecode.swift; path = Transition.swift; sourceTree = "<group>"; };
		984144302B436F520054CF3D /* PlaceOnWindowTransition.swift */ = {isa = PBXFileReference; lastKnownFileType = sourcecode.swift; path = PlaceOnWindowTransition.swift; sourceTree = "<group>"; };
		984144322B436F670054CF3D /* PushTransition.swift */ = {isa = PBXFileReference; lastKnownFileType = sourcecode.swift; path = PushTransition.swift; sourceTree = "<group>"; };
		984144342B436FA30054CF3D /* BaseRouter.swift */ = {isa = PBXFileReference; lastKnownFileType = sourcecode.swift; path = BaseRouter.swift; sourceTree = "<group>"; };
		984144362B4370630054CF3D /* IntroRouter.swift */ = {isa = PBXFileReference; lastKnownFileType = sourcecode.swift; path = IntroRouter.swift; sourceTree = "<group>"; };
		984144382B4370800054CF3D /* IntroRoute.swift */ = {isa = PBXFileReference; lastKnownFileType = sourcecode.swift; path = IntroRoute.swift; sourceTree = "<group>"; };
		9841443A2B4370A80054CF3D /* MainTabBarRoute.swift */ = {isa = PBXFileReference; lastKnownFileType = sourcecode.swift; path = MainTabBarRoute.swift; sourceTree = "<group>"; };
		9844C9302B3C615C000D7602 /* SolarSystems.app */ = {isa = PBXFileReference; explicitFileType = wrapper.application; includeInIndex = 0; path = SolarSystems.app; sourceTree = BUILT_PRODUCTS_DIR; };
		9844C9332B3C615C000D7602 /* AppDelegate.swift */ = {isa = PBXFileReference; lastKnownFileType = sourcecode.swift; path = AppDelegate.swift; sourceTree = "<group>"; };
		9844C93C2B3C615E000D7602 /* Assets.xcassets */ = {isa = PBXFileReference; lastKnownFileType = folder.assetcatalog; path = Assets.xcassets; sourceTree = "<group>"; };
		9844C93F2B3C615E000D7602 /* Base */ = {isa = PBXFileReference; lastKnownFileType = file.storyboard; name = Base; path = Base.lproj/LaunchScreen.storyboard; sourceTree = "<group>"; };
		9844C9412B3C615E000D7602 /* Info.plist */ = {isa = PBXFileReference; lastKnownFileType = text.plist.xml; path = Info.plist; sourceTree = "<group>"; };
		9844C9472B3C620C000D7602 /* MainTabBarController.swift */ = {isa = PBXFileReference; lastKnownFileType = sourcecode.swift; path = MainTabBarController.swift; sourceTree = "<group>"; };
		9844C9512B3C83E6000D7602 /* Closures.swift */ = {isa = PBXFileReference; lastKnownFileType = sourcecode.swift; path = Closures.swift; sourceTree = "<group>"; };
		9844C9542B3C8493000D7602 /* BaseViewModel.swift */ = {isa = PBXFileReference; lastKnownFileType = sourcecode.swift; path = BaseViewModel.swift; sourceTree = "<group>"; };
		9844C9562B3C84AE000D7602 /* BaseViewController.swift */ = {isa = PBXFileReference; lastKnownFileType = sourcecode.swift; path = BaseViewController.swift; sourceTree = "<group>"; };
		9844C9582B3C8551000D7602 /* MainNavigationController.swift */ = {isa = PBXFileReference; lastKnownFileType = sourcecode.swift; path = MainNavigationController.swift; sourceTree = "<group>"; };
		9844C95B2B3C859A000D7602 /* ReusableView.swift */ = {isa = PBXFileReference; lastKnownFileType = sourcecode.swift; path = ReusableView.swift; sourceTree = "<group>"; };
		9844C9612B3C86DF000D7602 /* Colors.xcassets */ = {isa = PBXFileReference; lastKnownFileType = folder.assetcatalog; path = Colors.xcassets; sourceTree = "<group>"; };
		9844C9652B3C86F6000D7602 /* Images.xcassets */ = {isa = PBXFileReference; lastKnownFileType = folder.assetcatalog; path = Images.xcassets; sourceTree = "<group>"; };
		9844C9682B3C888A000D7602 /* IntroViewModel.swift */ = {isa = PBXFileReference; lastKnownFileType = sourcecode.swift; path = IntroViewModel.swift; sourceTree = "<group>"; };
		9844C96A2B3C88A5000D7602 /* IntroViewController.swift */ = {isa = PBXFileReference; lastKnownFileType = sourcecode.swift; path = IntroViewController.swift; sourceTree = "<group>"; };
		9844C96D2B3C8A22000D7602 /* Intro.strings */ = {isa = PBXFileReference; lastKnownFileType = text.plist.strings; path = Intro.strings; sourceTree = "<group>"; };
		9844C96F2B3CB318000D7602 /* Roboto-Regular.ttf */ = {isa = PBXFileReference; lastKnownFileType = file; path = "Roboto-Regular.ttf"; sourceTree = "<group>"; };
		9844C9712B3CB33B000D7602 /* Roboto-Bold.ttf */ = {isa = PBXFileReference; lastKnownFileType = file; path = "Roboto-Bold.ttf"; sourceTree = "<group>"; };
		9844C9732B3CB365000D7602 /* Montserrat-Light.ttf */ = {isa = PBXFileReference; lastKnownFileType = file; path = "Montserrat-Light.ttf"; sourceTree = "<group>"; };
		9844C9752B3CB37B000D7602 /* Montserrat-ExtraBold.ttf */ = {isa = PBXFileReference; lastKnownFileType = file; path = "Montserrat-ExtraBold.ttf"; sourceTree = "<group>"; };
		9844C9772B3CB388000D7602 /* Montserrat-ExtraLight.ttf */ = {isa = PBXFileReference; lastKnownFileType = file; path = "Montserrat-ExtraLight.ttf"; sourceTree = "<group>"; };
		984737372B5C5EA9004FB9FD /* PlanetDetailView.swift */ = {isa = PBXFileReference; lastKnownFileType = sourcecode.swift; path = PlanetDetailView.swift; sourceTree = "<group>"; };
		9860F3E72B61BC4D006AABF2 /* Icons.xcassets */ = {isa = PBXFileReference; lastKnownFileType = folder.assetcatalog; path = Icons.xcassets; sourceTree = "<group>"; };
		986CC3F52B4B5051008D26D7 /* PlanetRouter.swift */ = {isa = PBXFileReference; lastKnownFileType = sourcecode.swift; path = PlanetRouter.swift; sourceTree = "<group>"; };
		986CC3F62B4B5051008D26D7 /* PlanetViewController.swift */ = {isa = PBXFileReference; lastKnownFileType = sourcecode.swift; path = PlanetViewController.swift; sourceTree = "<group>"; };
		986CC3F72B4B5051008D26D7 /* PlanetViewModel.swift */ = {isa = PBXFileReference; lastKnownFileType = sourcecode.swift; path = PlanetViewModel.swift; sourceTree = "<group>"; };
		986CC3FB2B4B505E008D26D7 /* PlanetRoute.swift */ = {isa = PBXFileReference; lastKnownFileType = sourcecode.swift; path = PlanetRoute.swift; sourceTree = "<group>"; };
		986CC3FD2B4B5930008D26D7 /* SegmentioOptions+Extensions.swift */ = {isa = PBXFileReference; lastKnownFileType = sourcecode.swift; path = "SegmentioOptions+Extensions.swift"; sourceTree = "<group>"; };
		986CC3FF2B4B59F4008D26D7 /* DwarfPlanetRoute.swift */ = {isa = PBXFileReference; lastKnownFileType = sourcecode.swift; path = DwarfPlanetRoute.swift; sourceTree = "<group>"; };
		986CC4012B4B5A18008D26D7 /* DwarfPlanetRouter.swift */ = {isa = PBXFileReference; lastKnownFileType = sourcecode.swift; path = DwarfPlanetRouter.swift; sourceTree = "<group>"; };
		986CC4022B4B5A18008D26D7 /* DwarfPlanetViewController.swift */ = {isa = PBXFileReference; lastKnownFileType = sourcecode.swift; path = DwarfPlanetViewController.swift; sourceTree = "<group>"; };
		986CC4032B4B5A18008D26D7 /* DwarfPlanetViewModel.swift */ = {isa = PBXFileReference; lastKnownFileType = sourcecode.swift; path = DwarfPlanetViewModel.swift; sourceTree = "<group>"; };
		986CC4072B4B5E17008D26D7 /* CelestialBodiesRoute.swift */ = {isa = PBXFileReference; lastKnownFileType = sourcecode.swift; path = CelestialBodiesRoute.swift; sourceTree = "<group>"; };
		986CC4092B4B5E49008D26D7 /* CelestialBodiesRouter.swift */ = {isa = PBXFileReference; lastKnownFileType = sourcecode.swift; path = CelestialBodiesRouter.swift; sourceTree = "<group>"; };
		986CC40A2B4B5E49008D26D7 /* CelestialBodiesViewController.swift */ = {isa = PBXFileReference; lastKnownFileType = sourcecode.swift; path = CelestialBodiesViewController.swift; sourceTree = "<group>"; };
		986CC40B2B4B5E49008D26D7 /* CelestialBodiesViewModel.swift */ = {isa = PBXFileReference; lastKnownFileType = sourcecode.swift; path = CelestialBodiesViewModel.swift; sourceTree = "<group>"; };
		9875E1A22B4C5284006BA3E9 /* Segments.strings */ = {isa = PBXFileReference; lastKnownFileType = text.plist.strings; path = Segments.strings; sourceTree = "<group>"; };
		9875E1A72B4C88DF006BA3E9 /* MPLUSRounded1c-Regular.ttf */ = {isa = PBXFileReference; lastKnownFileType = file; path = "MPLUSRounded1c-Regular.ttf"; sourceTree = "<group>"; };
		9875E1B02B4C8C10006BA3E9 /* MPLUSRounded1c-Black.ttf */ = {isa = PBXFileReference; lastKnownFileType = file; path = "MPLUSRounded1c-Black.ttf"; sourceTree = "<group>"; };
		98780C662B49E80700C7C46B /* Planets.strings */ = {isa = PBXFileReference; fileEncoding = 4; lastKnownFileType = text.plist.strings; path = Planets.strings; sourceTree = "<group>"; };
		98780C682B49E80D00C7C46B /* StringConstants.swift */ = {isa = PBXFileReference; fileEncoding = 4; lastKnownFileType = sourcecode.swift; path = StringConstants.swift; sourceTree = "<group>"; };
		989E2C5F2B61348C00E84461 /* Solars.swift */ = {isa = PBXFileReference; lastKnownFileType = sourcecode.swift; path = Solars.swift; sourceTree = "<group>"; };
		989E2C622B613ED100E84461 /* PlanetDetailCell.swift */ = {isa = PBXFileReference; lastKnownFileType = sourcecode.swift; path = PlanetDetailCell.swift; sourceTree = "<group>"; };
		989E2C642B613FBF00E84461 /* ImageCardView.swift */ = {isa = PBXFileReference; lastKnownFileType = sourcecode.swift; path = ImageCardView.swift; sourceTree = "<group>"; };
		98BDE2722B441EA500948BD6 /* DefaultsKey+Extensions.swift */ = {isa = PBXFileReference; lastKnownFileType = sourcecode.swift; path = "DefaultsKey+Extensions.swift"; sourceTree = "<group>"; };
		98BDE2752B4427DE00948BD6 /* ToastPresenter.swift */ = {isa = PBXFileReference; lastKnownFileType = sourcecode.swift; path = ToastPresenter.swift; sourceTree = "<group>"; };
		98BDE2772B44284300948BD6 /* TostWarningView.swift */ = {isa = PBXFileReference; lastKnownFileType = sourcecode.swift; path = TostWarningView.swift; sourceTree = "<group>"; };
		98BDE2792B4428E300948BD6 /* UIFont+Extensions.swift */ = {isa = PBXFileReference; lastKnownFileType = sourcecode.swift; path = "UIFont+Extensions.swift"; sourceTree = "<group>"; };
		98BDE27C2B442E1D00948BD6 /* UIImage+Extensions.swift */ = {isa = PBXFileReference; lastKnownFileType = sourcecode.swift; path = "UIImage+Extensions.swift"; sourceTree = "<group>"; };
		98BDE2802B44307F00948BD6 /* IntroCell.swift */ = {isa = PBXFileReference; lastKnownFileType = sourcecode.swift; path = IntroCell.swift; sourceTree = "<group>"; };
		98BDE2822B4430AA00948BD6 /* IntroCellModel.swift */ = {isa = PBXFileReference; lastKnownFileType = sourcecode.swift; path = IntroCellModel.swift; sourceTree = "<group>"; };
		98BDE2842B44B97300948BD6 /* UIImageView+Extensions.swift */ = {isa = PBXFileReference; lastKnownFileType = sourcecode.swift; path = "UIImageView+Extensions.swift"; sourceTree = "<group>"; };
		98D233D02B46D38100DDB4BF /* MainTabBar.swift */ = {isa = PBXFileReference; lastKnownFileType = sourcecode.swift; path = MainTabBar.swift; sourceTree = "<group>"; };
		98D233D42B46DAB800DDB4BF /* HomeRoute.swift */ = {isa = PBXFileReference; lastKnownFileType = sourcecode.swift; path = HomeRoute.swift; sourceTree = "<group>"; };
		98D233D62B46DAC600DDB4BF /* HomeRouter.swift */ = {isa = PBXFileReference; lastKnownFileType = sourcecode.swift; path = HomeRouter.swift; sourceTree = "<group>"; };
		98D233D72B46DAC600DDB4BF /* HomeViewController.swift */ = {isa = PBXFileReference; lastKnownFileType = sourcecode.swift; path = HomeViewController.swift; sourceTree = "<group>"; };
		98D233D82B46DAC600DDB4BF /* HomeViewModel.swift */ = {isa = PBXFileReference; lastKnownFileType = sourcecode.swift; path = HomeViewModel.swift; sourceTree = "<group>"; };
		98D233DC2B46DAD700DDB4BF /* DiscoveryRoute.swift */ = {isa = PBXFileReference; lastKnownFileType = sourcecode.swift; path = DiscoveryRoute.swift; sourceTree = "<group>"; };
		98D233DE2B46DAE600DDB4BF /* DiscoveryRouter.swift */ = {isa = PBXFileReference; lastKnownFileType = sourcecode.swift; path = DiscoveryRouter.swift; sourceTree = "<group>"; };
		98D233DF2B46DAE600DDB4BF /* DiscoveryViewController.swift */ = {isa = PBXFileReference; lastKnownFileType = sourcecode.swift; path = DiscoveryViewController.swift; sourceTree = "<group>"; };
		98D233E02B46DAE600DDB4BF /* DiscoveryViewModel.swift */ = {isa = PBXFileReference; lastKnownFileType = sourcecode.swift; path = DiscoveryViewModel.swift; sourceTree = "<group>"; };
		98D233E92B4823C500DDB4BF /* PlanetCell.swift */ = {isa = PBXFileReference; lastKnownFileType = sourcecode.swift; path = PlanetCell.swift; sourceTree = "<group>"; };
		98D233EA2B4823C500DDB4BF /* PlanetCellModel.swift */ = {isa = PBXFileReference; lastKnownFileType = sourcecode.swift; path = PlanetCellModel.swift; sourceTree = "<group>"; };
		98D233EE2B484E2200DDB4BF /* Planets.swift */ = {isa = PBXFileReference; lastKnownFileType = sourcecode.swift; path = Planets.swift; sourceTree = "<group>"; };
		98D233F12B48536500DDB4BF /* Typealias.swift */ = {isa = PBXFileReference; lastKnownFileType = sourcecode.swift; path = Typealias.swift; sourceTree = "<group>"; };
		98D233F32B48537900DDB4BF /* RequestMethod.swift */ = {isa = PBXFileReference; lastKnownFileType = sourcecode.swift; path = RequestMethod.swift; sourceTree = "<group>"; };
		98D233F52B48538B00DDB4BF /* RequestEncoding.swift */ = {isa = PBXFileReference; lastKnownFileType = sourcecode.swift; path = RequestEncoding.swift; sourceTree = "<group>"; };
		98D233F72B48539F00DDB4BF /* RequestProtocol.swift */ = {isa = PBXFileReference; lastKnownFileType = sourcecode.swift; path = RequestProtocol.swift; sourceTree = "<group>"; };
		98D233F92B48A63100DDB4BF /* DecodableResponseRequest.swift */ = {isa = PBXFileReference; lastKnownFileType = sourcecode.swift; path = DecodableResponseRequest.swift; sourceTree = "<group>"; };
		98D233FB2B48A64800DDB4BF /* DataProviderProtocol.swift */ = {isa = PBXFileReference; lastKnownFileType = sourcecode.swift; path = DataProviderProtocol.swift; sourceTree = "<group>"; };
		98D233FE2B48A6CC00DDB4BF /* APIDataProvider.swift */ = {isa = PBXFileReference; lastKnownFileType = sourcecode.swift; path = APIDataProvider.swift; sourceTree = "<group>"; };
		98D234002B48A6EB00DDB4BF /* APIRequestAdapter.swift */ = {isa = PBXFileReference; lastKnownFileType = sourcecode.swift; path = APIRequestAdapter.swift; sourceTree = "<group>"; };
		98D234022B48A70200DDB4BF /* APIDecodableResponseRequest.swift */ = {isa = PBXFileReference; lastKnownFileType = sourcecode.swift; path = APIDecodableResponseRequest.swift; sourceTree = "<group>"; };
		98D234052B48A76800DDB4BF /* GetPlanetsRequest.swift */ = {isa = PBXFileReference; lastKnownFileType = sourcecode.swift; path = GetPlanetsRequest.swift; sourceTree = "<group>"; };
		98D234082B48A89200DDB4BF /* DataProvider.swift */ = {isa = PBXFileReference; lastKnownFileType = sourcecode.swift; path = DataProvider.swift; sourceTree = "<group>"; };
		98D2340A2B48A8A600DDB4BF /* APILogger.swift */ = {isa = PBXFileReference; lastKnownFileType = sourcecode.swift; path = APILogger.swift; sourceTree = "<group>"; };
		98D2340C2B48A8BC00DDB4BF /* APIRequestInterceptor.swift */ = {isa = PBXFileReference; lastKnownFileType = sourcecode.swift; path = APIRequestInterceptor.swift; sourceTree = "<group>"; };
		98D2340E2B48AA4100DDB4BF /* PlanetCardView.swift */ = {isa = PBXFileReference; lastKnownFileType = sourcecode.swift; path = PlanetCardView.swift; sourceTree = "<group>"; };
		98E921DB2B6013F400FD2CF3 /* PlanetTitleCellModel.swift */ = {isa = PBXFileReference; lastKnownFileType = sourcecode.swift; path = PlanetTitleCellModel.swift; sourceTree = "<group>"; };
		98E921DD2B6057F200FD2CF3 /* PlanetDetailViewModel.swift */ = {isa = PBXFileReference; lastKnownFileType = sourcecode.swift; path = PlanetDetailViewModel.swift; sourceTree = "<group>"; };
		B67FCA9388A3D4953553FB41 /* Pods-SolarSystems.debug.xcconfig */ = {isa = PBXFileReference; includeInIndex = 1; lastKnownFileType = text.xcconfig; name = "Pods-SolarSystems.debug.xcconfig"; path = "Target Support Files/Pods-SolarSystems/Pods-SolarSystems.debug.xcconfig"; sourceTree = "<group>"; };
/* End PBXFileReference section */

/* Begin PBXFrameworksBuildPhase section */
		9844C92D2B3C615C000D7602 /* Frameworks */ = {
			isa = PBXFrameworksBuildPhase;
			buildActionMask = 2147483647;
			files = (
				FE9EDBA43917114174BA8D32 /* Pods_SolarSystems.framework in Frameworks */,
			);
			runOnlyForDeploymentPostprocessing = 0;
		};
/* End PBXFrameworksBuildPhase section */

/* Begin PBXGroup section */
		8C5C3A83F5AB8547C8E7E8AE /* Frameworks */ = {
			isa = PBXGroup;
			children = (
				85138217BEFE85E625D95659 /* Pods_SolarSystems.framework */,
			);
			name = Frameworks;
			sourceTree = "<group>";
		};
		980CF77E2B4DBC7200AF0D9C /* Detail */ = {
			isa = PBXGroup;
			children = (
				980CF77F2B4DBC8900AF0D9C /* DetailRoute.swift */,
				980CF7812B4DBC9800AF0D9C /* DetailRouter.swift */,
				980CF7832B4DBC9800AF0D9C /* DetailViewModel.swift */,
				980CF7822B4DBC9800AF0D9C /* DetailViewController.swift */,
			);
			path = Detail;
			sourceTree = "<group>";
		};
		981EB5842B48B432004488A2 /* MainTabBar */ = {
			isa = PBXGroup;
			children = (
				98D233D02B46D38100DDB4BF /* MainTabBar.swift */,
			);
			path = MainTabBar;
			sourceTree = "<group>";
		};
		9841441F2B436C8B0054CF3D /* Router */ = {
			isa = PBXGroup;
			children = (
				984144252B436E2F0054CF3D /* Routers */,
				984144282B436EB00054CF3D /* Core */,
				9841442D2B436F200054CF3D /* Transition */,
			);
			path = Router;
			sourceTree = "<group>";
		};
		984144252B436E2F0054CF3D /* Routers */ = {
			isa = PBXGroup;
			children = (
				984144262B436E520054CF3D /* AppRoute.swift */,
			);
			path = Routers;
			sourceTree = "<group>";
		};
		984144282B436EB00054CF3D /* Core */ = {
			isa = PBXGroup;
			children = (
				984144292B436EBC0054CF3D /* Animator.swift */,
				9841442B2B436ED10054CF3D /* Router.swift */,
			);
			path = Core;
			sourceTree = "<group>";
		};
		9841442D2B436F200054CF3D /* Transition */ = {
			isa = PBXGroup;
			children = (
				9841442E2B436F340054CF3D /* Transition.swift */,
				984144302B436F520054CF3D /* PlaceOnWindowTransition.swift */,
				984144322B436F670054CF3D /* PushTransition.swift */,
			);
			path = Transition;
			sourceTree = "<group>";
		};
		9844C9272B3C615C000D7602 = {
			isa = PBXGroup;
			children = (
				98355D422B3D93BD009D1926 /* swiftgen.yml */,
				9844C9322B3C615C000D7602 /* SolarSystems */,
				9844C9312B3C615C000D7602 /* Products */,
				99D5C3DB85997F7DD6B49AC7 /* Pods */,
				8C5C3A83F5AB8547C8E7E8AE /* Frameworks */,
			);
			sourceTree = "<group>";
		};
		9844C9312B3C615C000D7602 /* Products */ = {
			isa = PBXGroup;
			children = (
				9844C9302B3C615C000D7602 /* SolarSystems.app */,
			);
			name = Products;
			sourceTree = "<group>";
		};
		9844C9322B3C615C000D7602 /* SolarSystems */ = {
			isa = PBXGroup;
			children = (
				9844C9492B3C6480000D7602 /* AppDelegate */,
				9841441F2B436C8B0054CF3D /* Router */,
				9844C94B2B3C64A0000D7602 /* Scenes */,
				9844C94D2B3C8392000D7602 /* DataProvider */,
				9844C94F2B3C839F000D7602 /* UIComponents */,
				9844C94E2B3C8399000D7602 /* Utilities */,
				9844C94A2B3C648E000D7602 /* Resources */,
				9844C93E2B3C615E000D7602 /* LaunchScreen.storyboard */,
				9844C9412B3C615E000D7602 /* Info.plist */,
			);
			path = SolarSystems;
			sourceTree = "<group>";
		};
		9844C9492B3C6480000D7602 /* AppDelegate */ = {
			isa = PBXGroup;
			children = (
				9844C9332B3C615C000D7602 /* AppDelegate.swift */,
			);
			path = AppDelegate;
			sourceTree = "<group>";
		};
		9844C94A2B3C648E000D7602 /* Resources */ = {
			isa = PBXGroup;
			children = (
				9844C93C2B3C615E000D7602 /* Assets.xcassets */,
			);
			path = Resources;
			sourceTree = "<group>";
		};
		9844C94B2B3C64A0000D7602 /* Scenes */ = {
			isa = PBXGroup;
			children = (
				9844C9532B3C8487000D7602 /* Base */,
				9844C9672B3C887B000D7602 /* Intro */,
				9844C94C2B3C64BE000D7602 /* MainTabBar */,
				98D233D22B46DA9300DDB4BF /* Home */,
				986CC3F12B4B4EC4008D26D7 /* Planet */,
				986CC3F22B4B4EFB008D26D7 /* DwarfPlanet */,
				986CC3F32B4B4FCB008D26D7 /* CelestialBodies */,
				980CF77E2B4DBC7200AF0D9C /* Detail */,
				98D233D32B46DAA400DDB4BF /* Discovery */,
			);
			path = Scenes;
			sourceTree = "<group>";
		};
		9844C94C2B3C64BE000D7602 /* MainTabBar */ = {
			isa = PBXGroup;
			children = (
				9841443A2B4370A80054CF3D /* MainTabBarRoute.swift */,
				9844C9472B3C620C000D7602 /* MainTabBarController.swift */,
			);
			path = MainTabBar;
			sourceTree = "<group>";
		};
		9844C94D2B3C8392000D7602 /* DataProvider */ = {
			isa = PBXGroup;
			children = (
				98D234072B48A87B00DDB4BF /* DataProvider */,
				98D233ED2B484E1000DDB4BF /* Model */,
				98D233F02B48532900DDB4BF /* Core */,
				98D233FD2B48A6B800DDB4BF /* Manager */,
				98D234042B48A74D00DDB4BF /* Request */,
			);
			path = DataProvider;
			sourceTree = "<group>";
		};
		9844C94E2B3C8399000D7602 /* Utilities */ = {
			isa = PBXGroup;
			children = (
				9844C9502B3C83DA000D7602 /* Closures */,
				98BDE2712B441E9100948BD6 /* Extensions */,
			);
			path = Utilities;
			sourceTree = "<group>";
		};
		9844C94F2B3C839F000D7602 /* UIComponents */ = {
			isa = PBXGroup;
			children = (
				98D233CF2B46D35C00DDB4BF /* UIView */,
				98BDE27E2B44304C00948BD6 /* Cell */,
				98BDE27B2B442E0E00948BD6 /* Extensions */,
				98BDE2742B4427BA00948BD6 /* Toast */,
				9844C95A2B3C858D000D7602 /* Protocols */,
				9844C95D2B3C85BA000D7602 /* Resources */,
			);
			path = UIComponents;
			sourceTree = "<group>";
		};
		9844C9502B3C83DA000D7602 /* Closures */ = {
			isa = PBXGroup;
			children = (
				9844C9512B3C83E6000D7602 /* Closures.swift */,
			);
			path = Closures;
			sourceTree = "<group>";
		};
		9844C9532B3C8487000D7602 /* Base */ = {
			isa = PBXGroup;
			children = (
				984144342B436FA30054CF3D /* BaseRouter.swift */,
				9844C9542B3C8493000D7602 /* BaseViewModel.swift */,
				9844C9562B3C84AE000D7602 /* BaseViewController.swift */,
				9844C9582B3C8551000D7602 /* MainNavigationController.swift */,
			);
			path = Base;
			sourceTree = "<group>";
		};
		9844C95A2B3C858D000D7602 /* Protocols */ = {
			isa = PBXGroup;
			children = (
				9844C95B2B3C859A000D7602 /* ReusableView.swift */,
			);
			path = Protocols;
			sourceTree = "<group>";
		};
		9844C95D2B3C85BA000D7602 /* Resources */ = {
			isa = PBXGroup;
			children = (
				9844C95E2B3C85CB000D7602 /* Assets */,
				9844C95F2B3C85E0000D7602 /* Fonts */,
				9844C9602B3C85E5000D7602 /* Strings */,
			);
			path = Resources;
			sourceTree = "<group>";
		};
		9844C95E2B3C85CB000D7602 /* Assets */ = {
			isa = PBXGroup;
			children = (
				9860F3E72B61BC4D006AABF2 /* Icons.xcassets */,
				98355D472B3D94DD009D1926 /* Assets.swift */,
				9844C9612B3C86DF000D7602 /* Colors.xcassets */,
				9844C9652B3C86F6000D7602 /* Images.xcassets */,
			);
			path = Assets;
			sourceTree = "<group>";
		};
		9844C95F2B3C85E0000D7602 /* Fonts */ = {
			isa = PBXGroup;
			children = (
				9875E1B02B4C8C10006BA3E9 /* MPLUSRounded1c-Black.ttf */,
				9875E1A72B4C88DF006BA3E9 /* MPLUSRounded1c-Regular.ttf */,
				98355D4B2B3D952A009D1926 /* Fonts.swift */,
				9844C9772B3CB388000D7602 /* Montserrat-ExtraLight.ttf */,
				9844C9752B3CB37B000D7602 /* Montserrat-ExtraBold.ttf */,
				9844C9732B3CB365000D7602 /* Montserrat-Light.ttf */,
				9844C96F2B3CB318000D7602 /* Roboto-Regular.ttf */,
				9844C9712B3CB33B000D7602 /* Roboto-Bold.ttf */,
				98BDE2792B4428E300948BD6 /* UIFont+Extensions.swift */,
			);
			path = Fonts;
			sourceTree = "<group>";
		};
		9844C9602B3C85E5000D7602 /* Strings */ = {
			isa = PBXGroup;
			children = (
				98780C682B49E80D00C7C46B /* StringConstants.swift */,
				98780C662B49E80700C7C46B /* Planets.strings */,
				9844C96D2B3C8A22000D7602 /* Intro.strings */,
				9875E1A22B4C5284006BA3E9 /* Segments.strings */,
			);
			path = Strings;
			sourceTree = "<group>";
		};
		9844C9672B3C887B000D7602 /* Intro */ = {
			isa = PBXGroup;
			children = (
				984144362B4370630054CF3D /* IntroRouter.swift */,
				984144382B4370800054CF3D /* IntroRoute.swift */,
				9844C9682B3C888A000D7602 /* IntroViewModel.swift */,
				9844C96A2B3C88A5000D7602 /* IntroViewController.swift */,
			);
			path = Intro;
			sourceTree = "<group>";
		};
		984737342B5C5E78004FB9FD /* PlanetDetailView */ = {
			isa = PBXGroup;
			children = (
				98E921DD2B6057F200FD2CF3 /* PlanetDetailViewModel.swift */,
				984737372B5C5EA9004FB9FD /* PlanetDetailView.swift */,
				989E2C642B613FBF00E84461 /* ImageCardView.swift */,
			);
			path = PlanetDetailView;
			sourceTree = "<group>";
		};
		986CC3F12B4B4EC4008D26D7 /* Planet */ = {
			isa = PBXGroup;
			children = (
				986CC3FB2B4B505E008D26D7 /* PlanetRoute.swift */,
				986CC3F52B4B5051008D26D7 /* PlanetRouter.swift */,
				986CC3F72B4B5051008D26D7 /* PlanetViewModel.swift */,
				986CC3F62B4B5051008D26D7 /* PlanetViewController.swift */,
			);
			path = Planet;
			sourceTree = "<group>";
		};
		986CC3F22B4B4EFB008D26D7 /* DwarfPlanet */ = {
			isa = PBXGroup;
			children = (
				986CC3FF2B4B59F4008D26D7 /* DwarfPlanetRoute.swift */,
				986CC4012B4B5A18008D26D7 /* DwarfPlanetRouter.swift */,
				986CC4032B4B5A18008D26D7 /* DwarfPlanetViewModel.swift */,
				986CC4022B4B5A18008D26D7 /* DwarfPlanetViewController.swift */,
			);
			path = DwarfPlanet;
			sourceTree = "<group>";
		};
		986CC3F32B4B4FCB008D26D7 /* CelestialBodies */ = {
			isa = PBXGroup;
			children = (
				986CC4072B4B5E17008D26D7 /* CelestialBodiesRoute.swift */,
				986CC4092B4B5E49008D26D7 /* CelestialBodiesRouter.swift */,
				986CC40B2B4B5E49008D26D7 /* CelestialBodiesViewModel.swift */,
				986CC40A2B4B5E49008D26D7 /* CelestialBodiesViewController.swift */,
			);
			path = CelestialBodies;
			sourceTree = "<group>";
		};
		989E2C612B613DFE00E84461 /* PlanetDetail */ = {
			isa = PBXGroup;
			children = (
				989E2C622B613ED100E84461 /* PlanetDetailCell.swift */,
			);
			path = PlanetDetail;
			sourceTree = "<group>";
		};
		98BDE2712B441E9100948BD6 /* Extensions */ = {
			isa = PBXGroup;
			children = (
				98BDE2722B441EA500948BD6 /* DefaultsKey+Extensions.swift */,
			);
			path = Extensions;
			sourceTree = "<group>";
		};
		98BDE2742B4427BA00948BD6 /* Toast */ = {
			isa = PBXGroup;
			children = (
				98BDE2752B4427DE00948BD6 /* ToastPresenter.swift */,
				98BDE2772B44284300948BD6 /* TostWarningView.swift */,
			);
			path = Toast;
			sourceTree = "<group>";
		};
		98BDE27B2B442E0E00948BD6 /* Extensions */ = {
			isa = PBXGroup;
			children = (
				98BDE27C2B442E1D00948BD6 /* UIImage+Extensions.swift */,
				98BDE2842B44B97300948BD6 /* UIImageView+Extensions.swift */,
				986CC3FD2B4B5930008D26D7 /* SegmentioOptions+Extensions.swift */,
			);
			path = Extensions;
			sourceTree = "<group>";
		};
		98BDE27E2B44304C00948BD6 /* Cell */ = {
			isa = PBXGroup;
			children = (
				98BDE27F2B44306000948BD6 /* Intro */,
				98D233E42B48233A00DDB4BF /* Planet */,
				989E2C612B613DFE00E84461 /* PlanetDetail */,
			);
			path = Cell;
			sourceTree = "<group>";
		};
		98BDE27F2B44306000948BD6 /* Intro */ = {
			isa = PBXGroup;
			children = (
				98BDE2822B4430AA00948BD6 /* IntroCellModel.swift */,
				98BDE2802B44307F00948BD6 /* IntroCell.swift */,
			);
			path = Intro;
			sourceTree = "<group>";
		};
		98D233CF2B46D35C00DDB4BF /* UIView */ = {
			isa = PBXGroup;
			children = (
				981EB5842B48B432004488A2 /* MainTabBar */,
				98D234102B48AA4A00DDB4BF /* PlanetCard */,
				984737342B5C5E78004FB9FD /* PlanetDetailView */,
			);
			path = UIView;
			sourceTree = "<group>";
		};
		98D233D22B46DA9300DDB4BF /* Home */ = {
			isa = PBXGroup;
			children = (
				98D233D42B46DAB800DDB4BF /* HomeRoute.swift */,
				98D233D62B46DAC600DDB4BF /* HomeRouter.swift */,
				98D233D82B46DAC600DDB4BF /* HomeViewModel.swift */,
				98D233D72B46DAC600DDB4BF /* HomeViewController.swift */,
			);
			path = Home;
			sourceTree = "<group>";
		};
		98D233D32B46DAA400DDB4BF /* Discovery */ = {
			isa = PBXGroup;
			children = (
				98D233DC2B46DAD700DDB4BF /* DiscoveryRoute.swift */,
				98D233DE2B46DAE600DDB4BF /* DiscoveryRouter.swift */,
				98D233E02B46DAE600DDB4BF /* DiscoveryViewModel.swift */,
				98D233DF2B46DAE600DDB4BF /* DiscoveryViewController.swift */,
			);
			path = Discovery;
			sourceTree = "<group>";
		};
		98D233E42B48233A00DDB4BF /* Planet */ = {
			isa = PBXGroup;
			children = (
				98D233EA2B4823C500DDB4BF /* PlanetCellModel.swift */,
				98E921DB2B6013F400FD2CF3 /* PlanetTitleCellModel.swift */,
				98D233E92B4823C500DDB4BF /* PlanetCell.swift */,
			);
			path = Planet;
			sourceTree = "<group>";
		};
		98D233ED2B484E1000DDB4BF /* Model */ = {
			isa = PBXGroup;
			children = (
				98D233EE2B484E2200DDB4BF /* Planets.swift */,
				989E2C5F2B61348C00E84461 /* Solars.swift */,
			);
			path = Model;
			sourceTree = "<group>";
		};
		98D233F02B48532900DDB4BF /* Core */ = {
			isa = PBXGroup;
			children = (
				98D233F12B48536500DDB4BF /* Typealias.swift */,
				98D233F32B48537900DDB4BF /* RequestMethod.swift */,
				98D233F52B48538B00DDB4BF /* RequestEncoding.swift */,
				98D233F72B48539F00DDB4BF /* RequestProtocol.swift */,
				98D233F92B48A63100DDB4BF /* DecodableResponseRequest.swift */,
				98D233FB2B48A64800DDB4BF /* DataProviderProtocol.swift */,
			);
			path = Core;
			sourceTree = "<group>";
		};
		98D233FD2B48A6B800DDB4BF /* Manager */ = {
			isa = PBXGroup;
			children = (
				98D233FE2B48A6CC00DDB4BF /* APIDataProvider.swift */,
				98D234002B48A6EB00DDB4BF /* APIRequestAdapter.swift */,
				98D234022B48A70200DDB4BF /* APIDecodableResponseRequest.swift */,
			);
			path = Manager;
			sourceTree = "<group>";
		};
		98D234042B48A74D00DDB4BF /* Request */ = {
			isa = PBXGroup;
			children = (
				98D234052B48A76800DDB4BF /* GetPlanetsRequest.swift */,
			);
			path = Request;
			sourceTree = "<group>";
		};
		98D234072B48A87B00DDB4BF /* DataProvider */ = {
			isa = PBXGroup;
			children = (
				98D234082B48A89200DDB4BF /* DataProvider.swift */,
				98D2340A2B48A8A600DDB4BF /* APILogger.swift */,
				98D2340C2B48A8BC00DDB4BF /* APIRequestInterceptor.swift */,
			);
			path = DataProvider;
			sourceTree = "<group>";
		};
		98D234102B48AA4A00DDB4BF /* PlanetCard */ = {
			isa = PBXGroup;
			children = (
				98D2340E2B48AA4100DDB4BF /* PlanetCardView.swift */,
			);
			path = PlanetCard;
			sourceTree = "<group>";
		};
		99D5C3DB85997F7DD6B49AC7 /* Pods */ = {
			isa = PBXGroup;
			children = (
				B67FCA9388A3D4953553FB41 /* Pods-SolarSystems.debug.xcconfig */,
				955B4617D86BD46A0C4E1C17 /* Pods-SolarSystems.release.xcconfig */,
			);
			path = Pods;
			sourceTree = "<group>";
		};
/* End PBXGroup section */

/* Begin PBXNativeTarget section */
		9844C92F2B3C615C000D7602 /* SolarSystems */ = {
			isa = PBXNativeTarget;
			buildConfigurationList = 9844C9442B3C615E000D7602 /* Build configuration list for PBXNativeTarget "SolarSystems" */;
			buildPhases = (
				DA18ECA19EC1BC9263B4835E /* [CP] Check Pods Manifest.lock */,
				9844C92C2B3C615C000D7602 /* Sources */,
				9844C92D2B3C615C000D7602 /* Frameworks */,
				9844C92E2B3C615C000D7602 /* Resources */,
				98355D442B3D9425009D1926 /* SwiftGen */,
				AAC363C4F98E90CC0D9F53C2 /* [CP] Embed Pods Frameworks */,
			);
			buildRules = (
			);
			dependencies = (
			);
			name = SolarSystems;
			productName = SolarSystems;
			productReference = 9844C9302B3C615C000D7602 /* SolarSystems.app */;
			productType = "com.apple.product-type.application";
		};
/* End PBXNativeTarget section */

/* Begin PBXProject section */
		9844C9282B3C615C000D7602 /* Project object */ = {
			isa = PBXProject;
			attributes = {
				BuildIndependentTargetsInParallel = 1;
				LastSwiftUpdateCheck = 1500;
				LastUpgradeCheck = 1500;
				TargetAttributes = {
					9844C92F2B3C615C000D7602 = {
						CreatedOnToolsVersion = 15.0.1;
					};
				};
			};
			buildConfigurationList = 9844C92B2B3C615C000D7602 /* Build configuration list for PBXProject "SolarSystems" */;
			compatibilityVersion = "Xcode 14.0";
			developmentRegion = en;
			hasScannedForEncodings = 0;
			knownRegions = (
				en,
				Base,
			);
			mainGroup = 9844C9272B3C615C000D7602;
			productRefGroup = 9844C9312B3C615C000D7602 /* Products */;
			projectDirPath = "";
			projectRoot = "";
			targets = (
				9844C92F2B3C615C000D7602 /* SolarSystems */,
			);
		};
/* End PBXProject section */

/* Begin PBXResourcesBuildPhase section */
		9844C92E2B3C615C000D7602 /* Resources */ = {
			isa = PBXResourcesBuildPhase;
			buildActionMask = 2147483647;
			files = (
				98355D432B3D93BD009D1926 /* swiftgen.yml in Resources */,
				9844C9622B3C86DF000D7602 /* Colors.xcassets in Resources */,
				9844C9702B3CB318000D7602 /* Roboto-Regular.ttf in Resources */,
				98780C672B49E80700C7C46B /* Planets.strings in Resources */,
				9875E1B12B4C8C10006BA3E9 /* MPLUSRounded1c-Black.ttf in Resources */,
				9844C9662B3C86F6000D7602 /* Images.xcassets in Resources */,
				9860F3E82B61BC4D006AABF2 /* Icons.xcassets in Resources */,
				9844C9742B3CB365000D7602 /* Montserrat-Light.ttf in Resources */,
				9844C9402B3C615E000D7602 /* LaunchScreen.storyboard in Resources */,
				9844C9762B3CB37B000D7602 /* Montserrat-ExtraBold.ttf in Resources */,
				9875E1A32B4C5284006BA3E9 /* Segments.strings in Resources */,
				9844C9782B3CB388000D7602 /* Montserrat-ExtraLight.ttf in Resources */,
				9875E1A82B4C88DF006BA3E9 /* MPLUSRounded1c-Regular.ttf in Resources */,
				9844C93D2B3C615E000D7602 /* Assets.xcassets in Resources */,
				9844C9722B3CB33B000D7602 /* Roboto-Bold.ttf in Resources */,
				9844C96E2B3C8A22000D7602 /* Intro.strings in Resources */,
			);
			runOnlyForDeploymentPostprocessing = 0;
		};
/* End PBXResourcesBuildPhase section */

/* Begin PBXShellScriptBuildPhase section */
		98355D442B3D9425009D1926 /* SwiftGen */ = {
			isa = PBXShellScriptBuildPhase;
			buildActionMask = 2147483647;
			files = (
			);
			inputFileListPaths = (
			);
			inputPaths = (
			);
			name = SwiftGen;
			outputFileListPaths = (
			);
			outputPaths = (
			);
			runOnlyForDeploymentPostprocessing = 0;
			shellPath = /bin/sh;
			shellScript = "\nif [[ -f \"${PODS_ROOT}/SwiftGen/bin/swiftgen\" ]]; then\n  \"${PODS_ROOT}/SwiftGen/bin/swiftgen\"\nelse\n  echo \"warning: SwiftGen is not installed. Run 'pod install --repo-update' to install it.\"\nfi\n";
		};
		AAC363C4F98E90CC0D9F53C2 /* [CP] Embed Pods Frameworks */ = {
			isa = PBXShellScriptBuildPhase;
			buildActionMask = 2147483647;
			files = (
			);
			inputFileListPaths = (
				"${PODS_ROOT}/Target Support Files/Pods-SolarSystems/Pods-SolarSystems-frameworks-${CONFIGURATION}-input-files.xcfilelist",
			);
			name = "[CP] Embed Pods Frameworks";
			outputFileListPaths = (
				"${PODS_ROOT}/Target Support Files/Pods-SolarSystems/Pods-SolarSystems-frameworks-${CONFIGURATION}-output-files.xcfilelist",
			);
			runOnlyForDeploymentPostprocessing = 0;
			shellPath = /bin/sh;
			shellScript = "\"${PODS_ROOT}/Target Support Files/Pods-SolarSystems/Pods-SolarSystems-frameworks.sh\"\n";
			showEnvVarsInLog = 0;
		};
		DA18ECA19EC1BC9263B4835E /* [CP] Check Pods Manifest.lock */ = {
			isa = PBXShellScriptBuildPhase;
			buildActionMask = 2147483647;
			files = (
			);
			inputFileListPaths = (
			);
			inputPaths = (
				"${PODS_PODFILE_DIR_PATH}/Podfile.lock",
				"${PODS_ROOT}/Manifest.lock",
			);
			name = "[CP] Check Pods Manifest.lock";
			outputFileListPaths = (
			);
			outputPaths = (
				"$(DERIVED_FILE_DIR)/Pods-SolarSystems-checkManifestLockResult.txt",
			);
			runOnlyForDeploymentPostprocessing = 0;
			shellPath = /bin/sh;
			shellScript = "diff \"${PODS_PODFILE_DIR_PATH}/Podfile.lock\" \"${PODS_ROOT}/Manifest.lock\" > /dev/null\nif [ $? != 0 ] ; then\n    # print error to STDERR\n    echo \"error: The sandbox is not in sync with the Podfile.lock. Run 'pod install' or update your CocoaPods installation.\" >&2\n    exit 1\nfi\n# This output is used by Xcode 'outputs' to avoid re-running this script phase.\necho \"SUCCESS\" > \"${SCRIPT_OUTPUT_FILE_0}\"\n";
			showEnvVarsInLog = 0;
		};
/* End PBXShellScriptBuildPhase section */

/* Begin PBXSourcesBuildPhase section */
		9844C92C2B3C615C000D7602 /* Sources */ = {
			isa = PBXSourcesBuildPhase;
			buildActionMask = 2147483647;
			files = (
				98D2340F2B48AA4100DDB4BF /* PlanetCardView.swift in Sources */,
				98BDE2852B44B97300948BD6 /* UIImageView+Extensions.swift in Sources */,
				980CF7802B4DBC8900AF0D9C /* DetailRoute.swift in Sources */,
				9844C9342B3C615C000D7602 /* AppDelegate.swift in Sources */,
				98D233D52B46DAB800DDB4BF /* HomeRoute.swift in Sources */,
				98D233FF2B48A6CC00DDB4BF /* APIDataProvider.swift in Sources */,
				98D233DA2B46DAC600DDB4BF /* HomeViewController.swift in Sources */,
				984144332B436F670054CF3D /* PushTransition.swift in Sources */,
				98355D4C2B3D952A009D1926 /* Fonts.swift in Sources */,
				9844C9592B3C8551000D7602 /* MainNavigationController.swift in Sources */,
				9841442C2B436ED10054CF3D /* Router.swift in Sources */,
				986CC4002B4B59F4008D26D7 /* DwarfPlanetRoute.swift in Sources */,
				98355D482B3D94DD009D1926 /* Assets.swift in Sources */,
				98D233D12B46D38100DDB4BF /* MainTabBar.swift in Sources */,
				986CC3FE2B4B5930008D26D7 /* SegmentioOptions+Extensions.swift in Sources */,
				986CC3F82B4B5051008D26D7 /* PlanetRouter.swift in Sources */,
				98D233D92B46DAC600DDB4BF /* HomeRouter.swift in Sources */,
				98D233E12B46DAE600DDB4BF /* DiscoveryRouter.swift in Sources */,
				986CC40D2B4B5E49008D26D7 /* CelestialBodiesViewController.swift in Sources */,
				986CC4052B4B5A18008D26D7 /* DwarfPlanetViewController.swift in Sources */,
				984144352B436FA30054CF3D /* BaseRouter.swift in Sources */,
				9844C9522B3C83E6000D7602 /* Closures.swift in Sources */,
				98D233F22B48536500DDB4BF /* Typealias.swift in Sources */,
				98D2340D2B48A8BC00DDB4BF /* APIRequestInterceptor.swift in Sources */,
				98D233F42B48537900DDB4BF /* RequestMethod.swift in Sources */,
				98D2340B2B48A8A600DDB4BF /* APILogger.swift in Sources */,
				986CC4062B4B5A18008D26D7 /* DwarfPlanetViewModel.swift in Sources */,
				98D233DD2B46DAD700DDB4BF /* DiscoveryRoute.swift in Sources */,
				989E2C602B61348C00E84461 /* Solars.swift in Sources */,
				986CC4082B4B5E17008D26D7 /* CelestialBodiesRoute.swift in Sources */,
				98D233E32B46DAE600DDB4BF /* DiscoveryViewModel.swift in Sources */,
				98D233F82B48539F00DDB4BF /* RequestProtocol.swift in Sources */,
				989E2C632B613ED100E84461 /* PlanetDetailCell.swift in Sources */,
				9844C95C2B3C859A000D7602 /* ReusableView.swift in Sources */,
				984737382B5C5EA9004FB9FD /* PlanetDetailView.swift in Sources */,
				98BDE27A2B4428E300948BD6 /* UIFont+Extensions.swift in Sources */,
				986CC3F92B4B5051008D26D7 /* PlanetViewController.swift in Sources */,
				9841442A2B436EBC0054CF3D /* Animator.swift in Sources */,
				98BDE2732B441EA500948BD6 /* DefaultsKey+Extensions.swift in Sources */,
				9844C9482B3C620C000D7602 /* MainTabBarController.swift in Sources */,
				98D233E22B46DAE600DDB4BF /* DiscoveryViewController.swift in Sources */,
				9844C96B2B3C88A5000D7602 /* IntroViewController.swift in Sources */,
				984144272B436E520054CF3D /* AppRoute.swift in Sources */,
				98D233FC2B48A64800DDB4BF /* DataProviderProtocol.swift in Sources */,
				984144372B4370630054CF3D /* IntroRouter.swift in Sources */,
				986CC3FC2B4B505E008D26D7 /* PlanetRoute.swift in Sources */,
				9841442F2B436F340054CF3D /* Transition.swift in Sources */,
				98D233DB2B46DAC600DDB4BF /* HomeViewModel.swift in Sources */,
				9844C9572B3C84AE000D7602 /* BaseViewController.swift in Sources */,
				98D234062B48A76800DDB4BF /* GetPlanetsRequest.swift in Sources */,
				98D234092B48A89200DDB4BF /* DataProvider.swift in Sources */,
				986CC3FA2B4B5051008D26D7 /* PlanetViewModel.swift in Sources */,
				98BDE2762B4427DE00948BD6 /* ToastPresenter.swift in Sources */,
				989E2C652B613FBF00E84461 /* ImageCardView.swift in Sources */,
				984144312B436F520054CF3D /* PlaceOnWindowTransition.swift in Sources */,
				986CC40E2B4B5E49008D26D7 /* CelestialBodiesViewModel.swift in Sources */,
				98E921DE2B6057F200FD2CF3 /* PlanetDetailViewModel.swift in Sources */,
				98D233EB2B4823C500DDB4BF /* PlanetCell.swift in Sources */,
				9844C9692B3C888A000D7602 /* IntroViewModel.swift in Sources */,
				98D233EF2B484E2200DDB4BF /* Planets.swift in Sources */,
				980CF7842B4DBC9800AF0D9C /* DetailRouter.swift in Sources */,
				98BDE2832B4430AA00948BD6 /* IntroCellModel.swift in Sources */,
				984144392B4370800054CF3D /* IntroRoute.swift in Sources */,
				98E921DC2B6013F400FD2CF3 /* PlanetTitleCellModel.swift in Sources */,
				98D233EC2B4823C500DDB4BF /* PlanetCellModel.swift in Sources */,
				9844C9552B3C8493000D7602 /* BaseViewModel.swift in Sources */,
				98D234032B48A70200DDB4BF /* APIDecodableResponseRequest.swift in Sources */,
				98BDE27D2B442E1D00948BD6 /* UIImage+Extensions.swift in Sources */,
				98D233FA2B48A63100DDB4BF /* DecodableResponseRequest.swift in Sources */,
				980CF7852B4DBC9800AF0D9C /* DetailViewController.swift in Sources */,
				98D233F62B48538B00DDB4BF /* RequestEncoding.swift in Sources */,
				98D234012B48A6EB00DDB4BF /* APIRequestAdapter.swift in Sources */,
				986CC4042B4B5A18008D26D7 /* DwarfPlanetRouter.swift in Sources */,
				98780C692B49E80D00C7C46B /* StringConstants.swift in Sources */,
				9841443B2B4370A80054CF3D /* MainTabBarRoute.swift in Sources */,
				98BDE2812B44307F00948BD6 /* IntroCell.swift in Sources */,
				986CC40C2B4B5E49008D26D7 /* CelestialBodiesRouter.swift in Sources */,
				98BDE2782B44284300948BD6 /* TostWarningView.swift in Sources */,
				980CF7862B4DBC9800AF0D9C /* DetailViewModel.swift in Sources */,
			);
			runOnlyForDeploymentPostprocessing = 0;
		};
/* End PBXSourcesBuildPhase section */

/* Begin PBXVariantGroup section */
		9844C93E2B3C615E000D7602 /* LaunchScreen.storyboard */ = {
			isa = PBXVariantGroup;
			children = (
				9844C93F2B3C615E000D7602 /* Base */,
			);
			name = LaunchScreen.storyboard;
			sourceTree = "<group>";
		};
/* End PBXVariantGroup section */

/* Begin XCBuildConfiguration section */
		9844C9422B3C615E000D7602 /* Debug */ = {
			isa = XCBuildConfiguration;
			buildSettings = {
				ALWAYS_SEARCH_USER_PATHS = NO;
				ASSETCATALOG_COMPILER_GENERATE_SWIFT_ASSET_SYMBOL_EXTENSIONS = YES;
				CLANG_ANALYZER_NONNULL = YES;
				CLANG_ANALYZER_NUMBER_OBJECT_CONVERSION = YES_AGGRESSIVE;
				CLANG_CXX_LANGUAGE_STANDARD = "gnu++20";
				CLANG_ENABLE_MODULES = YES;
				CLANG_ENABLE_OBJC_ARC = YES;
				CLANG_ENABLE_OBJC_WEAK = YES;
				CLANG_WARN_BLOCK_CAPTURE_AUTORELEASING = YES;
				CLANG_WARN_BOOL_CONVERSION = YES;
				CLANG_WARN_COMMA = YES;
				CLANG_WARN_CONSTANT_CONVERSION = YES;
				CLANG_WARN_DEPRECATED_OBJC_IMPLEMENTATIONS = YES;
				CLANG_WARN_DIRECT_OBJC_ISA_USAGE = YES_ERROR;
				CLANG_WARN_DOCUMENTATION_COMMENTS = YES;
				CLANG_WARN_EMPTY_BODY = YES;
				CLANG_WARN_ENUM_CONVERSION = YES;
				CLANG_WARN_INFINITE_RECURSION = YES;
				CLANG_WARN_INT_CONVERSION = YES;
				CLANG_WARN_NON_LITERAL_NULL_CONVERSION = YES;
				CLANG_WARN_OBJC_IMPLICIT_RETAIN_SELF = YES;
				CLANG_WARN_OBJC_LITERAL_CONVERSION = YES;
				CLANG_WARN_OBJC_ROOT_CLASS = YES_ERROR;
				CLANG_WARN_QUOTED_INCLUDE_IN_FRAMEWORK_HEADER = YES;
				CLANG_WARN_RANGE_LOOP_ANALYSIS = YES;
				CLANG_WARN_STRICT_PROTOTYPES = YES;
				CLANG_WARN_SUSPICIOUS_MOVE = YES;
				CLANG_WARN_UNGUARDED_AVAILABILITY = YES_AGGRESSIVE;
				CLANG_WARN_UNREACHABLE_CODE = YES;
				CLANG_WARN__DUPLICATE_METHOD_MATCH = YES;
				COPY_PHASE_STRIP = NO;
				DEBUG_INFORMATION_FORMAT = dwarf;
				ENABLE_STRICT_OBJC_MSGSEND = YES;
				ENABLE_TESTABILITY = YES;
				ENABLE_USER_SCRIPT_SANDBOXING = YES;
				GCC_C_LANGUAGE_STANDARD = gnu17;
				GCC_DYNAMIC_NO_PIC = NO;
				GCC_NO_COMMON_BLOCKS = YES;
				GCC_OPTIMIZATION_LEVEL = 0;
				GCC_PREPROCESSOR_DEFINITIONS = (
					"DEBUG=1",
					"$(inherited)",
				);
				GCC_WARN_64_TO_32_BIT_CONVERSION = YES;
				GCC_WARN_ABOUT_RETURN_TYPE = YES_ERROR;
				GCC_WARN_UNDECLARED_SELECTOR = YES;
				GCC_WARN_UNINITIALIZED_AUTOS = YES_AGGRESSIVE;
				GCC_WARN_UNUSED_FUNCTION = YES;
				GCC_WARN_UNUSED_VARIABLE = YES;
				IPHONEOS_DEPLOYMENT_TARGET = 17.0;
				LOCALIZATION_PREFERS_STRING_CATALOGS = YES;
				MTL_ENABLE_DEBUG_INFO = INCLUDE_SOURCE;
				MTL_FAST_MATH = YES;
				ONLY_ACTIVE_ARCH = YES;
				SDKROOT = iphoneos;
				SWIFT_ACTIVE_COMPILATION_CONDITIONS = "DEBUG $(inherited)";
				SWIFT_OPTIMIZATION_LEVEL = "-Onone";
			};
			name = Debug;
		};
		9844C9432B3C615E000D7602 /* Release */ = {
			isa = XCBuildConfiguration;
			buildSettings = {
				ALWAYS_SEARCH_USER_PATHS = NO;
				ASSETCATALOG_COMPILER_GENERATE_SWIFT_ASSET_SYMBOL_EXTENSIONS = YES;
				CLANG_ANALYZER_NONNULL = YES;
				CLANG_ANALYZER_NUMBER_OBJECT_CONVERSION = YES_AGGRESSIVE;
				CLANG_CXX_LANGUAGE_STANDARD = "gnu++20";
				CLANG_ENABLE_MODULES = YES;
				CLANG_ENABLE_OBJC_ARC = YES;
				CLANG_ENABLE_OBJC_WEAK = YES;
				CLANG_WARN_BLOCK_CAPTURE_AUTORELEASING = YES;
				CLANG_WARN_BOOL_CONVERSION = YES;
				CLANG_WARN_COMMA = YES;
				CLANG_WARN_CONSTANT_CONVERSION = YES;
				CLANG_WARN_DEPRECATED_OBJC_IMPLEMENTATIONS = YES;
				CLANG_WARN_DIRECT_OBJC_ISA_USAGE = YES_ERROR;
				CLANG_WARN_DOCUMENTATION_COMMENTS = YES;
				CLANG_WARN_EMPTY_BODY = YES;
				CLANG_WARN_ENUM_CONVERSION = YES;
				CLANG_WARN_INFINITE_RECURSION = YES;
				CLANG_WARN_INT_CONVERSION = YES;
				CLANG_WARN_NON_LITERAL_NULL_CONVERSION = YES;
				CLANG_WARN_OBJC_IMPLICIT_RETAIN_SELF = YES;
				CLANG_WARN_OBJC_LITERAL_CONVERSION = YES;
				CLANG_WARN_OBJC_ROOT_CLASS = YES_ERROR;
				CLANG_WARN_QUOTED_INCLUDE_IN_FRAMEWORK_HEADER = YES;
				CLANG_WARN_RANGE_LOOP_ANALYSIS = YES;
				CLANG_WARN_STRICT_PROTOTYPES = YES;
				CLANG_WARN_SUSPICIOUS_MOVE = YES;
				CLANG_WARN_UNGUARDED_AVAILABILITY = YES_AGGRESSIVE;
				CLANG_WARN_UNREACHABLE_CODE = YES;
				CLANG_WARN__DUPLICATE_METHOD_MATCH = YES;
				COPY_PHASE_STRIP = NO;
				DEBUG_INFORMATION_FORMAT = "dwarf-with-dsym";
				ENABLE_NS_ASSERTIONS = NO;
				ENABLE_STRICT_OBJC_MSGSEND = YES;
				ENABLE_USER_SCRIPT_SANDBOXING = YES;
				GCC_C_LANGUAGE_STANDARD = gnu17;
				GCC_NO_COMMON_BLOCKS = YES;
				GCC_WARN_64_TO_32_BIT_CONVERSION = YES;
				GCC_WARN_ABOUT_RETURN_TYPE = YES_ERROR;
				GCC_WARN_UNDECLARED_SELECTOR = YES;
				GCC_WARN_UNINITIALIZED_AUTOS = YES_AGGRESSIVE;
				GCC_WARN_UNUSED_FUNCTION = YES;
				GCC_WARN_UNUSED_VARIABLE = YES;
				IPHONEOS_DEPLOYMENT_TARGET = 17.0;
				LOCALIZATION_PREFERS_STRING_CATALOGS = YES;
				MTL_ENABLE_DEBUG_INFO = NO;
				MTL_FAST_MATH = YES;
				SDKROOT = iphoneos;
				SWIFT_COMPILATION_MODE = wholemodule;
				VALIDATE_PRODUCT = YES;
			};
			name = Release;
		};
		9844C9452B3C615E000D7602 /* Debug */ = {
			isa = XCBuildConfiguration;
			baseConfigurationReference = B67FCA9388A3D4953553FB41 /* Pods-SolarSystems.debug.xcconfig */;
			buildSettings = {
				ASSETCATALOG_COMPILER_APPICON_NAME = AppIcon;
				ASSETCATALOG_COMPILER_GLOBAL_ACCENT_COLOR_NAME = AccentColor;
				CODE_SIGN_STYLE = Automatic;
				CURRENT_PROJECT_VERSION = 1;
				DEVELOPMENT_TEAM = 66C8Q7ZLNJ;
				ENABLE_USER_SCRIPT_SANDBOXING = NO;
				GENERATE_INFOPLIST_FILE = YES;
				INFOPLIST_FILE = SolarSystems/Info.plist;
				INFOPLIST_KEY_CFBundleDisplayName = "Solar System";
				INFOPLIST_KEY_UIApplicationSupportsIndirectInputEvents = YES;
				INFOPLIST_KEY_UILaunchStoryboardName = LaunchScreen;
				INFOPLIST_KEY_UISupportedInterfaceOrientations_iPad = "UIInterfaceOrientationPortrait UIInterfaceOrientationPortraitUpsideDown UIInterfaceOrientationLandscapeLeft UIInterfaceOrientationLandscapeRight";
				INFOPLIST_KEY_UISupportedInterfaceOrientations_iPhone = "UIInterfaceOrientationPortrait UIInterfaceOrientationLandscapeLeft UIInterfaceOrientationLandscapeRight";
				LD_RUNPATH_SEARCH_PATHS = (
					"$(inherited)",
					"@executable_path/Frameworks",
				);
				MARKETING_VERSION = 1.0;
				PRODUCT_BUNDLE_IDENTIFIER = info.SolarSystems;
				PRODUCT_NAME = "$(TARGET_NAME)";
				SWIFT_EMIT_LOC_STRINGS = YES;
				SWIFT_VERSION = 5.0;
				TARGETED_DEVICE_FAMILY = "1,2";
			};
			name = Debug;
		};
		9844C9462B3C615E000D7602 /* Release */ = {
			isa = XCBuildConfiguration;
			baseConfigurationReference = 955B4617D86BD46A0C4E1C17 /* Pods-SolarSystems.release.xcconfig */;
			buildSettings = {
				ASSETCATALOG_COMPILER_APPICON_NAME = AppIcon;
				ASSETCATALOG_COMPILER_GLOBAL_ACCENT_COLOR_NAME = AccentColor;
				CODE_SIGN_STYLE = Automatic;
				CURRENT_PROJECT_VERSION = 1;
				DEVELOPMENT_TEAM = 66C8Q7ZLNJ;
				ENABLE_USER_SCRIPT_SANDBOXING = NO;
				GENERATE_INFOPLIST_FILE = YES;
				INFOPLIST_FILE = SolarSystems/Info.plist;
				INFOPLIST_KEY_CFBundleDisplayName = "Solar System";
				INFOPLIST_KEY_UIApplicationSupportsIndirectInputEvents = YES;
				INFOPLIST_KEY_UILaunchStoryboardName = LaunchScreen;
				INFOPLIST_KEY_UISupportedInterfaceOrientations_iPad = "UIInterfaceOrientationPortrait UIInterfaceOrientationPortraitUpsideDown UIInterfaceOrientationLandscapeLeft UIInterfaceOrientationLandscapeRight";
				INFOPLIST_KEY_UISupportedInterfaceOrientations_iPhone = "UIInterfaceOrientationPortrait UIInterfaceOrientationLandscapeLeft UIInterfaceOrientationLandscapeRight";
				LD_RUNPATH_SEARCH_PATHS = (
					"$(inherited)",
					"@executable_path/Frameworks",
				);
				MARKETING_VERSION = 1.0;
				PRODUCT_BUNDLE_IDENTIFIER = info.SolarSystems;
				PRODUCT_NAME = "$(TARGET_NAME)";
				SWIFT_EMIT_LOC_STRINGS = YES;
				SWIFT_VERSION = 5.0;
				TARGETED_DEVICE_FAMILY = "1,2";
			};
			name = Release;
		};
/* End XCBuildConfiguration section */

/* Begin XCConfigurationList section */
		9844C92B2B3C615C000D7602 /* Build configuration list for PBXProject "SolarSystems" */ = {
			isa = XCConfigurationList;
			buildConfigurations = (
				9844C9422B3C615E000D7602 /* Debug */,
				9844C9432B3C615E000D7602 /* Release */,
			);
			defaultConfigurationIsVisible = 0;
			defaultConfigurationName = Release;
		};
		9844C9442B3C615E000D7602 /* Build configuration list for PBXNativeTarget "SolarSystems" */ = {
			isa = XCConfigurationList;
			buildConfigurations = (
				9844C9452B3C615E000D7602 /* Debug */,
				9844C9462B3C615E000D7602 /* Release */,
			);
			defaultConfigurationIsVisible = 0;
			defaultConfigurationName = Release;
		};
/* End XCConfigurationList section */
	};
	rootObject = 9844C9282B3C615C000D7602 /* Project object */;
}
